# THIS IS AN AUTOGENERATED FILE. DO NOT EDIT THIS FILE DIRECTLY.
# yarn lockfile v1


colors.css@^3.0.0:
  version "3.0.0"
  resolved "https://registry.yarnpkg.com/colors.css/-/colors.css-3.0.0.tgz#511cf42fb8a7199a8cbef49c88a4ea4f1d8f9efc"
  integrity sha1-URz0L7inGZqMvvSciKTqTx2Pnvw=

tachyons@4.10.0:
  version "4.10.0"
  resolved "https://registry.yarnpkg.com/tachyons/-/tachyons-4.10.0.tgz#87fa088e88d9759983f2a1b0efd01d767bbef87b"
  integrity sha512-50KOizE6V9QB7LdQqVLsLw17dnBzxonC2JWhmbu8xnQYUoyqV+Gcx678NwVM+O8A7jljobtC6QMl/hc8UZOzAA==
